
Microsoft Visual Studio Solution File, Format Version 12.00
# Visual Studio Version 17
VisualStudioVersion = 17.3.32929.385
MinimumVisualStudioVersion = 10.0.40219.1
Project("{9A19103F-16F7-4668-BE54-9A1E7A4F7556}") = "teknofest", "teknofest\teknofest.csproj", "{A1ACAD82-1C3A-4880-9EC6-A5B1D93232F4}"
EndProject
Project("{FAE04EC0-301F-11D3-BF4B-00C04F79EFBC}") = "Entities", "Entities\Entities.csproj", "{135093AE-B69B-43B7-A368-5839760AA721}"
EndProject
Project("{FAE04EC0-301F-11D3-BF4B-00C04F79EFBC}") = "DataAccess", "DataAccess\DataAccess.csproj", "{89A0E1CC-F469-4B90-B4A6-B35430C9C3F5}"
EndProject
Project("{FAE04EC0-301F-11D3-BF4B-00C04F79EFBC}") = "Business", "Business\Business.csproj", "{BBD14F4D-83E7-492D-971B-66181E903901}"
EndProject
Global
	GlobalSection(SolutionConfigurationPlatforms) = preSolution
		Debug|Any CPU = Debug|Any CPU
		Release|Any CPU = Release|Any CPU
	EndGlobalSection
	GlobalSection(ProjectConfigurationPlatforms) = postSolution
		{A1ACAD82-1C3A-4880-9EC6-A5B1D93232F4}.Debug|Any CPU.ActiveCfg = Debug|Any CPU
		{A1ACAD82-1C3A-4880-9EC6-A5B1D93232F4}.Debug|Any CPU.Build.0 = Debug|Any CPU
		{A1ACAD82-1C3A-4880-9EC6-A5B1D93232F4}.Release|Any CPU.ActiveCfg = Release|Any CPU
		{A1ACAD82-1C3A-4880-9EC6-A5B1D93232F4}.Release|Any CPU.Build.0 = Release|Any CPU
		{135093AE-B69B-43B7-A368-5839760AA721}.Debug|Any CPU.ActiveCfg = Debug|Any CPU
		{135093AE-B69B-43B7-A368-5839760AA721}.Debug|Any CPU.Build.0 = Debug|Any CPU
		{135093AE-B69B-43B7-A368-5839760AA721}.Release|Any CPU.ActiveCfg = Release|Any CPU
		{135093AE-B69B-43B7-A368-5839760AA721}.Release|Any CPU.Build.0 = Release|Any CPU
		{89A0E1CC-F469-4B90-B4A6-B35430C9C3F5}.Debug|Any CPU.ActiveCfg = Debug|Any CPU
		{89A0E1CC-F469-4B90-B4A6-B35430C9C3F5}.Debug|Any CPU.Build.0 = Debug|Any CPU
		{89A0E1CC-F469-4B90-B4A6-B35430C9C3F5}.Release|Any CPU.ActiveCfg = Release|Any CPU
		{89A0E1CC-F469-4B90-B4A6-B35430C9C3F5}.Release|Any CPU.Build.0 = Release|Any CPU
		{BBD14F4D-83E7-492D-971B-66181E903901}.Debug|Any CPU.ActiveCfg = Debug|Any CPU
		{BBD14F4D-83E7-492D-971B-66181E903901}.Debug|Any CPU.Build.0 = Debug|Any CPU
		{BBD14F4D-83E7-492D-971B-66181E903901}.Release|Any CPU.ActiveCfg = Release|Any CPU
		{BBD14F4D-83E7-492D-971B-66181E903901}.Release|Any CPU.Build.0 = Release|Any CPU
	EndGlobalSection
	GlobalSection(SolutionProperties) = preSolution
		HideSolutionNode = FALSE
	EndGlobalSection
	GlobalSection(ExtensibilityGlobals) = postSolution
		SolutionGuid = {BBF9631A-40A0-44E1-ACE7-1B56762C47E4}
	EndGlobalSection
EndGlobal
